
Microsoft Visual Studio Solution File, Format Version 12.00
# Visual Studio Version 17
VisualStudioVersion = 17.7.34221.43
MinimumVisualStudioVersion = 10.0.40219.1
Project("{FAE04EC0-301F-11D3-BF4B-00C04F79EFBC}") = "WcfServiceDemo", "WcfServiceDemo\WcfServiceDemo.csproj", "{22EDA158-3BB1-415D-A28E-ECE23319D423}"
EndProject
Project("{FAE04EC0-301F-11D3-BF4B-00C04F79EFBC}") = "WcfClient", "WcfClient\WcfClient.csproj", "{BF9CC32A-FF51-4B4D-B9C0-B41DA22BA21F}"
	ProjectSection(ProjectDependencies) = postProject
		{22EDA158-3BB1-415D-A28E-ECE23319D423} = {22EDA158-3BB1-415D-A28E-ECE23319D423}
	EndProjectSection
EndProject
Global
	GlobalSection(SolutionConfigurationPlatforms) = preSolution
		Debug|Any CPU = Debug|Any CPU
		Release|Any CPU = Release|Any CPU
	EndGlobalSection
	GlobalSection(ProjectConfigurationPlatforms) = postSolution
		{22EDA158-3BB1-415D-A28E-ECE23319D423}.Debug|Any CPU.ActiveCfg = Debug|Any CPU
		{22EDA158-3BB1-415D-A28E-ECE23319D423}.Debug|Any CPU.Build.0 = Debug|Any CPU
		{22EDA158-3BB1-415D-A28E-ECE23319D423}.Release|Any CPU.ActiveCfg = Release|Any CPU
		{22EDA158-3BB1-415D-A28E-ECE23319D423}.Release|Any CPU.Build.0 = Release|Any CPU
		{BF9CC32A-FF51-4B4D-B9C0-B41DA22BA21F}.Debug|Any CPU.ActiveCfg = Debug|Any CPU
		{BF9CC32A-FF51-4B4D-B9C0-B41DA22BA21F}.Debug|Any CPU.Build.0 = Debug|Any CPU
		{BF9CC32A-FF51-4B4D-B9C0-B41DA22BA21F}.Release|Any CPU.ActiveCfg = Release|Any CPU
		{BF9CC32A-FF51-4B4D-B9C0-B41DA22BA21F}.Release|Any CPU.Build.0 = Release|Any CPU
	EndGlobalSection
	GlobalSection(SolutionProperties) = preSolution
		HideSolutionNode = FALSE
	EndGlobalSection
	GlobalSection(ExtensibilityGlobals) = postSolution
		SolutionGuid = {BC9D5128-3D12-41CD-A713-499F5849DDE0}
	EndGlobalSection
EndGlobal
